
Microsoft Visual Studio Solution File, Format Version 11.00
# Visual Studio 2010
Project("{8BC9CEB8-8B4A-11D0-8D11-00A0C91BC942}") = "backfaceCulling", "backfaceCulling\backfaceCulling.vcxproj", "{CA9EDF31-072F-46C2-A84D-7D164E9D6F13}"
EndProject
Global
	GlobalSection(SolutionConfigurationPlatforms) = preSolution
		Debug|Win32 = Debug|Win32
		Release|Win32 = Release|Win32
	EndGlobalSection
	GlobalSection(ProjectConfigurationPlatforms) = postSolution
		{CA9EDF31-072F-46C2-A84D-7D164E9D6F13}.Debug|Win32.ActiveCfg = Debug|Win32
		{CA9EDF31-072F-46C2-A84D-7D164E9D6F13}.Debug|Win32.Build.0 = Debug|Win32
		{CA9EDF31-072F-46C2-A84D-7D164E9D6F13}.Release|Win32.ActiveCfg = Release|Win32
		{CA9EDF31-072F-46C2-A84D-7D164E9D6F13}.Release|Win32.Build.0 = Release|Win32
	EndGlobalSection
	GlobalSection(SolutionProperties) = preSolution
		HideSolutionNode = FALSE
	EndGlobalSection
EndGlobal
