<?xml version="1.0" encoding="utf-8"?>
<Project ToolsVersion="4.0" xmlns="http://schemas.microsoft.com/developer/msbuild/2003">
  <ItemGroup>
    <ClCompile Include="BoxCollision.cpp" />
    <ClCompile Include="..\math\matrix44.cpp">
      <Filter>math</Filter>
    </ClCompile>
    <ClCompile Include="..\math\vector3.cpp">
      <Filter>math</Filter>
    </ClCompile>
    <ClCompile Include="..\math\vector4.cpp">
      <Filter>math</Filter>
    </ClCompile>
    <ClCompile Include="DrawTriangle.cpp" />
    <ClCompile Include="..\math\box.cpp">
      <Filter>math</Filter>
    </ClCompile>
  </ItemGroup>
  <ItemGroup>
    <Filter Include="math">
      <UniqueIdentifier>{993ab136-8a03-4bcf-beaf-36125d2a1d86}</UniqueIdentifier>
    </Filter>
  </ItemGroup>
  <ItemGroup>
    <ClInclude Include="..\math\Math.h">
      <Filter>math</Filter>
    </ClInclude>
    <ClInclude Include="..\math\matrix44.h">
      <Filter>math</Filter>
    </ClInclude>
    <ClInclude Include="..\math\vector3.h">
      <Filter>math</Filter>
    </ClInclude>
    <ClInclude Include="..\math\vector4.h">
      <Filter>math</Filter>
    </ClInclude>
    <ClInclude Include="DrawTriangle.h" />
    <ClInclude Include="..\math\box.h">
      <Filter>math</Filter>
    </ClInclude>
  </ItemGroup>
</Project>